{
  "name": "cli",
  "version": "1.0.0",
  "lockfileVersion": 2,
  "requires": true,
  "packages": {
    "": {
      "version": "1.0.0",
      "license": "ISC",
      "dependencies": {
        "@codankra/caeser": "^1.0.1"
      }
    },
    "node_modules/@codankra/caeser": {
      "version": "1.0.1",
      "resolved": "https://registry.npmjs.org/@codankra/caeser/-/caeser-1.0.1.tgz",
      "integrity": "sha512-9diVNBikXYGzpCV3FGyJ10Tkwe2LDFruFHfIVVcwPa4tnRS10QK44vEAS7mSbe9FOV7d0fWL5C9Y1Mt5ve9HdA=="
    }
  },
  "dependencies": {
    "@codankra/caeser": {
      "version": "1.0.1",
      "resolved": "https://registry.npmjs.org/@codankra/caeser/-/caeser-1.0.1.tgz",
      "integrity": "sha512-9diVNBikXYGzpCV3FGyJ10Tkwe2LDFruFHfIVVcwPa4tnRS10QK44vEAS7mSbe9FOV7d0fWL5C9Y1Mt5ve9HdA=="
    }
  }
}
